// !$*UTF8*$!
{
	archiveVersion = 1;
	classes = {
	};
	objectVersion = 50;
	objects = {

/* Begin PBXBuildFile section */
		997F409826EBFC4E004DA4DF /* AppDelegate.swift in Sources */ = {isa = PBXBuildFile; fileRef = 997F409726EBFC4E004DA4DF /* AppDelegate.swift */; };
		997F409A26EBFC4E004DA4DF /* SceneDelegate.swift in Sources */ = {isa = PBXBuildFile; fileRef = 997F409926EBFC4E004DA4DF /* SceneDelegate.swift */; };
		997F409C26EBFC4E004DA4DF /* ViewController.swift in Sources */ = {isa = PBXBuildFile; fileRef = 997F409B26EBFC4E004DA4DF /* ViewController.swift */; };
		997F409F26EBFC4E004DA4DF /* Main.storyboard in Resources */ = {isa = PBXBuildFile; fileRef = 997F409D26EBFC4E004DA4DF /* Main.storyboard */; };
		997F40A126EBFC4E004DA4DF /* Assets.xcassets in Resources */ = {isa = PBXBuildFile; fileRef = 997F40A026EBFC4E004DA4DF /* Assets.xcassets */; };
		997F40A426EBFC4E004DA4DF /* LaunchScreen.storyboard in Resources */ = {isa = PBXBuildFile; fileRef = 997F40A226EBFC4E004DA4DF /* LaunchScreen.storyboard */; };
/* End PBXBuildFile section */

/* Begin PBXFileReference section */
		997F409426EBFC4E004DA4DF /* yaulyanenkovPW1.app */ = {isa = PBXFileReference; explicitFileType = wrapper.application; includeInIndex = 0; path = yaulyanenkovPW1.app; sourceTree = BUILT_PRODUCTS_DIR; };
		997F409726EBFC4E004DA4DF /* AppDelegate.swift */ = {isa = PBXFileReference; lastKnownFileType = sourcecode.swift; path = AppDelegate.swift; sourceTree = "<group>"; };
		997F409926EBFC4E004DA4DF /* SceneDelegate.swift */ = {isa = PBXFileReference; lastKnownFileType = sourcecode.swift; path = SceneDelegate.swift; sourceTree = "<group>"; };
		997F409B26EBFC4E004DA4DF /* ViewController.swift */ = {isa = PBXFileReference; lastKnownFileType = sourcecode.swift; path = ViewController.swift; sourceTree = "<group>"; };
		997F409E26EBFC4E004DA4DF /* Base */ = {isa = PBXFileReference; lastKnownFileType = file.storyboard; name = Base; path = Base.lproj/Main.storyboard; sourceTree = "<group>"; };
		997F40A026EBFC4E004DA4DF /* Assets.xcassets */ = {isa = PBXFileReference; lastKnownFileType = folder.assetcatalog; path = Assets.xcassets; sourceTree = "<group>"; };
		997F40A326EBFC4E004DA4DF /* Base */ = {isa = PBXFileReference; lastKnownFileType = file.storyboard; name = Base; path = Base.lproj/LaunchScreen.storyboard; sourceTree = "<group>"; };
		997F40A526EBFC4E004DA4DF /* Info.plist */ = {isa = PBXFileReference; lastKnownFileType = text.plist.xml; path = Info.plist; sourceTree = "<group>"; };
/* End PBXFileReference section */

/* Begin PBXFrameworksBuildPhase section */
		997F409126EBFC4E004DA4DF /* Frameworks */ = {
			isa = PBXFrameworksBuildPhase;
			buildActionMask = 2147483647;
			files = (
			);
			runOnlyForDeploymentPostprocessing = 0;
		};
/* End PBXFrameworksBuildPhase section */

/* Begin PBXGroup section */
		997F408B26EBFC4D004DA4DF = {
			isa = PBXGroup;
			children = (
				997F409626EBFC4E004DA4DF /* yaulyanenkovPW1 */,
				997F409526EBFC4E004DA4DF /* Products */,
			);
			sourceTree = "<group>";
		};
		997F409526EBFC4E004DA4DF /* Products */ = {
			isa = PBXGroup;
			children = (
				997F409426EBFC4E004DA4DF /* yaulyanenkovPW1.app */,
			);
			name = Products;
			sourceTree = "<group>";
		};
		997F409626EBFC4E004DA4DF /* yaulyanenkovPW1 */ = {
			isa = PBXGroup;
			children = (
				997F409726EBFC4E004DA4DF /* AppDelegate.swift */,
				997F409926EBFC4E004DA4DF /* SceneDelegate.swift */,
				997F409B26EBFC4E004DA4DF /* ViewController.swift */,
				997F409D26EBFC4E004DA4DF /* Main.storyboard */,
				997F40A026EBFC4E004DA4DF /* Assets.xcassets */,
				997F40A226EBFC4E004DA4DF /* LaunchScreen.storyboard */,
				997F40A526EBFC4E004DA4DF /* Info.plist */,
			);
			path = yaulyanenkovPW1;
			sourceTree = "<group>";
		};
/* End PBXGroup section */

/* Begin PBXNativeTarget section */
		997F409326EBFC4E004DA4DF /* yaulyanenkovPW1 */ = {
			isa = PBXNativeTarget;
			buildConfigurationList = 997F40A826EBFC4E004DA4DF /* Build configuration list for PBXNativeTarget "yaulyanenkovPW1" */;
			buildPhases = (
				997F409026EBFC4E004DA4DF /* Sources */,
				997F409126EBFC4E004DA4DF /* Frameworks */,
				997F409226EBFC4E004DA4DF /* Resources */,
			);
			buildRules = (
			);
			dependencies = (
			);
			name = yaulyanenkovPW1;
			productName = yaulyanenkovPW1;
			productReference = 997F409426EBFC4E004DA4DF /* yaulyanenkovPW1.app */;
			productType = "com.apple.product-type.application";
		};
/* End PBXNativeTarget section */

/* Begin PBXProject section */
		997F408C26EBFC4D004DA4DF /* Project object */ = {
			isa = PBXProject;
			attributes = {
				LastSwiftUpdateCheck = 1250;
				LastUpgradeCheck = 1250;
				TargetAttributes = {
					997F409326EBFC4E004DA4DF = {
						CreatedOnToolsVersion = 12.5.1;
					};
				};
			};
			buildConfigurationList = 997F408F26EBFC4D004DA4DF /* Build configuration list for PBXProject "yaulyanenkovPW1" */;
			compatibilityVersion = "Xcode 9.3";
			developmentRegion = en;
			hasScannedForEncodings = 0;
			knownRegions = (
				en,
				Base,
			);
			mainGroup = 997F408B26EBFC4D004DA4DF;
			productRefGroup = 997F409526EBFC4E004DA4DF /* Products */;
			projectDirPath = "";
			projectRoot = "";
			targets = (
				997F409326EBFC4E004DA4DF /* yaulyanenkovPW1 */,
			);
		};
/* End PBXProject section */

/* Begin PBXResourcesBuildPhase section */
		997F409226EBFC4E004DA4DF /* Resources */ = {
			isa = PBXResourcesBuildPhase;
			buildActionMask = 2147483647;
			files = (
				997F40A426EBFC4E004DA4DF /* LaunchScreen.storyboard in Resources */,
				997F40A126EBFC4E004DA4DF /* Assets.xcassets in Resources */,
				997F409F26EBFC4E004DA4DF /* Main.storyboard in Resources */,
			);
			runOnlyForDeploymentPostprocessing = 0;
		};
/* End PBXResourcesBuildPhase section */

/* Begin PBXSourcesBuildPhase section */
		997F409026EBFC4E004DA4DF /* Sources */ = {
			isa = PBXSourcesBuildPhase;
			buildActionMask = 2147483647;
			files = (
				997F409C26EBFC4E004DA4DF /* ViewController.swift in Sources */,
				997F409826EBFC4E004DA4DF /* AppDelegate.swift in Sources */,
				997F409A26EBFC4E004DA4DF /* SceneDelegate.swift in Sources */,
			);
			runOnlyForDeploymentPostprocessing = 0;
		};
/* End PBXSourcesBuildPhase section */

/* Begin PBXVariantGroup section */
		997F409D26EBFC4E004DA4DF /* Main.storyboard */ = {
			isa = PBXVariantGroup;
			children = (
				997F409E26EBFC4E004DA4DF /* Base */,
			);
			name = Main.storyboard;
			sourceTree = "<group>";
		};
		997F40A226EBFC4E004DA4DF /* LaunchScreen.storyboard */ = {
			isa = PBXVariantGroup;
			children = (
				997F40A326EBFC4E004DA4DF /* Base */,
			);
			name = LaunchScreen.storyboard;
			sourceTree = "<group>";
		};
/* End PBXVariantGroup section */

/* Begin XCBuildConfiguration section */
		997F40A626EBFC4E004DA4DF /* Debug */ = {
			isa = XCBuildConfiguration;
			buildSettings = {
				ALWAYS_SEARCH_USER_PATHS = NO;
				CLANG_ANALYZER_NONNULL = YES;
				CLANG_ANALYZER_NUMBER_OBJECT_CONVERSION = YES_AGGRESSIVE;
				CLANG_CXX_LANGUAGE_STANDARD = "gnu++14";
				CLANG_CXX_LIBRARY = "libc++";
				CLANG_ENABLE_MODULES = YES;
				CLANG_ENABLE_OBJC_ARC = YES;
				CLANG_ENABLE_OBJC_WEAK = YES;
				CLANG_WARN_BLOCK_CAPTURE_AUTORELEASING = YES;
				CLANG_WARN_BOOL_CONVERSION = YES;
				CLANG_WARN_COMMA = YES;
				CLANG_WARN_CONSTANT_CONVERSION = YES;
				CLANG_WARN_DEPRECATED_OBJC_IMPLEMENTATIONS = YES;
				CLANG_WARN_DIRECT_OBJC_ISA_USAGE = YES_ERROR;
				CLANG_WARN_DOCUMENTATION_COMMENTS = YES;
				CLANG_WARN_EMPTY_BODY = YES;
				CLANG_WARN_ENUM_CONVERSION = YES;
				CLANG_WARN_INFINITE_RECURSION = YES;
				CLANG_WARN_INT_CONVERSION = YES;
				CLANG_WARN_NON_LITERAL_NULL_CONVERSION = YES;
				CLANG_WARN_OBJC_IMPLICIT_RETAIN_SELF = YES;
				CLANG_WARN_OBJC_LITERAL_CONVERSION = YES;
				CLANG_WARN_OBJC_ROOT_CLASS = YES_ERROR;
				CLANG_WARN_QUOTED_INCLUDE_IN_FRAMEWORK_HEADER = YES;
				CLANG_WARN_RANGE_LOOP_ANALYSIS = YES;
				CLANG_WARN_STRICT_PROTOTYPES = YES;
				CLANG_WARN_SUSPICIOUS_MOVE = YES;
				CLANG_WARN_UNGUARDED_AVAILABILITY = YES_AGGRESSIVE;
				CLANG_WARN_UNREACHABLE_CODE = YES;
				CLANG_WARN__DUPLICATE_METHOD_MATCH = YES;
				COPY_PHASE_STRIP = NO;
				DEBUG_INFORMATION_FORMAT = dwarf;
				ENABLE_STRICT_OBJC_MSGSEND = YES;
				ENABLE_TESTABILITY = YES;
				GCC_C_LANGUAGE_STANDARD = gnu11;
				GCC_DYNAMIC_NO_PIC = NO;
				GCC_NO_COMMON_BLOCKS = YES;
				GCC_OPTIMIZATION_LEVEL = 0;
				GCC_PREPROCESSOR_DEFINITIONS = (
					"DEBUG=1",
					"$(inherited)",
				);
				GCC_WARN_64_TO_32_BIT_CONVERSION = YES;
				GCC_WARN_ABOUT_RETURN_TYPE = YES_ERROR;
				GCC_WARN_UNDECLARED_SELECTOR = YES;
				GCC_WARN_UNINITIALIZED_AUTOS = YES_AGGRESSIVE;
				GCC_WARN_UNUSED_FUNCTION = YES;
				GCC_WARN_UNUSED_VARIABLE = YES;
				IPHONEOS_DEPLOYMENT_TARGET = 14.5;
				MTL_ENABLE_DEBUG_INFO = INCLUDE_SOURCE;
				MTL_FAST_MATH = YES;
				ONLY_ACTIVE_ARCH = YES;
				SDKROOT = iphoneos;
				SWIFT_ACTIVE_COMPILATION_CONDITIONS = DEBUG;
				SWIFT_OPTIMIZATION_LEVEL = "-Onone";
			};
			name = Debug;
		};
		997F40A726EBFC4E004DA4DF /* Release */ = {
			isa = XCBuildConfiguration;
			buildSettings = {
				ALWAYS_SEARCH_USER_PATHS = NO;
				CLANG_ANALYZER_NONNULL = YES;
				CLANG_ANALYZER_NUMBER_OBJECT_CONVERSION = YES_AGGRESSIVE;
				CLANG_CXX_LANGUAGE_STANDARD = "gnu++14";
				CLANG_CXX_LIBRARY = "libc++";
				CLANG_ENABLE_MODULES = YES;
				CLANG_ENABLE_OBJC_ARC = YES;
				CLANG_ENABLE_OBJC_WEAK = YES;
				CLANG_WARN_BLOCK_CAPTURE_AUTORELEASING = YES;
				CLANG_WARN_BOOL_CONVERSION = YES;
				CLANG_WARN_COMMA = YES;
				CLANG_WARN_CONSTANT_CONVERSION = YES;
				CLANG_WARN_DEPRECATED_OBJC_IMPLEMENTATIONS = YES;
				CLANG_WARN_DIRECT_OBJC_ISA_USAGE = YES_ERROR;
				CLANG_WARN_DOCUMENTATION_COMMENTS = YES;
				CLANG_WARN_EMPTY_BODY = YES;
				CLANG_WARN_ENUM_CONVERSION = YES;
				CLANG_WARN_INFINITE_RECURSION = YES;
				CLANG_WARN_INT_CONVERSION = YES;
				CLANG_WARN_NON_LITERAL_NULL_CONVERSION = YES;
				CLANG_WARN_OBJC_IMPLICIT_RETAIN_SELF = YES;
				CLANG_WARN_OBJC_LITERAL_CONVERSION = YES;
				CLANG_WARN_OBJC_ROOT_CLASS = YES_ERROR;
				CLANG_WARN_QUOTED_INCLUDE_IN_FRAMEWORK_HEADER = YES;
				CLANG_WARN_RANGE_LOOP_ANALYSIS = YES;
				CLANG_WARN_STRICT_PROTOTYPES = YES;
				CLANG_WARN_SUSPICIOUS_MOVE = YES;
				CLANG_WARN_UNGUARDED_AVAILABILITY = YES_AGGRESSIVE;
				CLANG_WARN_UNREACHABLE_CODE = YES;
				CLANG_WARN__DUPLICATE_METHOD_MATCH = YES;
				COPY_PHASE_STRIP = NO;
				DEBUG_INFORMATION_FORMAT = "dwarf-with-dsym";
				ENABLE_NS_ASSERTIONS = NO;
				ENABLE_STRICT_OBJC_MSGSEND = YES;
				GCC_C_LANGUAGE_STANDARD = gnu11;
				GCC_NO_COMMON_BLOCKS = YES;
				GCC_WARN_64_TO_32_BIT_CONVERSION = YES;
				GCC_WARN_ABOUT_RETURN_TYPE = YES_ERROR;
				GCC_WARN_UNDECLARED_SELECTOR = YES;
				GCC_WARN_UNINITIALIZED_AUTOS = YES_AGGRESSIVE;
				GCC_WARN_UNUSED_FUNCTION = YES;
				GCC_WARN_UNUSED_VARIABLE = YES;
				IPHONEOS_DEPLOYMENT_TARGET = 14.5;
				MTL_ENABLE_DEBUG_INFO = NO;
				MTL_FAST_MATH = YES;
				SDKROOT = iphoneos;
				SWIFT_COMPILATION_MODE = wholemodule;
				SWIFT_OPTIMIZATION_LEVEL = "-O";
				VALIDATE_PRODUCT = YES;
			};
			name = Release;
		};
		997F40A926EBFC4E004DA4DF /* Debug */ = {
			isa = XCBuildConfiguration;
			buildSettings = {
				ASSETCATALOG_COMPILER_APPICON_NAME = AppIcon;
				ASSETCATALOG_COMPILER_GLOBAL_ACCENT_COLOR_NAME = AccentColor;
				CODE_SIGN_STYLE = Automatic;
				DEVELOPMENT_TEAM = W854V7BR4R;
				INFOPLIST_FILE = yaulyanenkovPW1/Info.plist;
				LD_RUNPATH_SEARCH_PATHS = (
					"$(inherited)",
					"@executable_path/Frameworks",
				);
				PRODUCT_BUNDLE_IDENTIFIER = hse.yaulyanenkovPW1;
				PRODUCT_NAME = "$(TARGET_NAME)";
				SWIFT_VERSION = 5.0;
				TARGETED_DEVICE_FAMILY = "1,2";
			};
			name = Debug;
		};
		997F40AA26EBFC4E004DA4DF /* Release */ = {
			isa = XCBuildConfiguration;
			buildSettings = {
				ASSETCATALOG_COMPILER_APPICON_NAME = AppIcon;
				ASSETCATALOG_COMPILER_GLOBAL_ACCENT_COLOR_NAME = AccentColor;
				CODE_SIGN_STYLE = Automatic;
				DEVELOPMENT_TEAM = W854V7BR4R;
				INFOPLIST_FILE = yaulyanenkovPW1/Info.plist;
				LD_RUNPATH_SEARCH_PATHS = (
					"$(inherited)",
					"@executable_path/Frameworks",
				);
				PRODUCT_BUNDLE_IDENTIFIER = hse.yaulyanenkovPW1;
				PRODUCT_NAME = "$(TARGET_NAME)";
				SWIFT_VERSION = 5.0;
				TARGETED_DEVICE_FAMILY = "1,2";
			};
			name = Release;
		};
/* End XCBuildConfiguration section */

/* Begin XCConfigurationList section */
		997F408F26EBFC4D004DA4DF /* Build configuration list for PBXProject "yaulyanenkovPW1" */ = {
			isa = XCConfigurationList;
			buildConfigurations = (
				997F40A626EBFC4E004DA4DF /* Debug */,
				997F40A726EBFC4E004DA4DF /* Release */,
			);
			defaultConfigurationIsVisible = 0;
			defaultConfigurationName = Release;
		};
		997F40A826EBFC4E004DA4DF /* Build configuration list for PBXNativeTarget "yaulyanenkovPW1" */ = {
			isa = XCConfigurationList;
			buildConfigurations = (
				997F40A926EBFC4E004DA4DF /* Debug */,
				997F40AA26EBFC4E004DA4DF /* Release */,
			);
			defaultConfigurationIsVisible = 0;
			defaultConfigurationName = Release;
		};
/* End XCConfigurationList section */
	};
	rootObject = 997F408C26EBFC4D004DA4DF /* Project object */;
}
